
Microsoft Visual Studio Solution File, Format Version 12.00
# Visual Studio 15
VisualStudioVersion = 15.0.28307.106
MinimumVisualStudioVersion = 10.0.40219.1
Project("{FAE04EC0-301F-11D3-BF4B-00C04F79EFBC}") = "FreeGo.Android", "FreeGo\FreeGo.Android\FreeGo.Android.csproj", "{C3449EEA-A49D-4186-8102-5614A54C82B7}"
EndProject
Project("{FAE04EC0-301F-11D3-BF4B-00C04F79EFBC}") = "FreeGo.iOS", "FreeGo\FreeGo.iOS\FreeGo.iOS.csproj", "{E6DD6DEC-7ABD-445C-9230-79BFB1907FE0}"
EndProject
Project("{FAE04EC0-301F-11D3-BF4B-00C04F79EFBC}") = "FreeGo.UWP", "FreeGo\FreeGo.UWP\FreeGo.UWP.csproj", "{F64CCC5A-00FF-40D4-AAA9-4D13DDBC4806}"
EndProject
Project("{D954291E-2A0B-460D-934E-DC6B0785DB48}") = "FreeGo", "FreeGo\FreeGo\FreeGo.shproj", "{521344A5-E11D-4734-BED3-60C445EF74F5}"
EndProject
Global
	GlobalSection(SharedMSBuildProjectFiles) = preSolution
		FreeGo\FreeGo\FreeGo.projitems*{521344a5-e11d-4734-bed3-60c445ef74f5}*SharedItemsImports = 13
		FreeGo\FreeGo\FreeGo.projitems*{c3449eea-a49d-4186-8102-5614a54c82b7}*SharedItemsImports = 4
		FreeGo\FreeGo\FreeGo.projitems*{e6dd6dec-7abd-445c-9230-79bfb1907fe0}*SharedItemsImports = 4
		FreeGo\FreeGo\FreeGo.projitems*{f64ccc5a-00ff-40d4-aaa9-4d13ddbc4806}*SharedItemsImports = 4
	EndGlobalSection
	GlobalSection(SolutionConfigurationPlatforms) = preSolution
		Ad-Hoc|Any CPU = Ad-Hoc|Any CPU
		Ad-Hoc|ARM = Ad-Hoc|ARM
		Ad-Hoc|iPhone = Ad-Hoc|iPhone
		Ad-Hoc|iPhoneSimulator = Ad-Hoc|iPhoneSimulator
		Ad-Hoc|x64 = Ad-Hoc|x64
		Ad-Hoc|x86 = Ad-Hoc|x86
		AppStore|Any CPU = AppStore|Any CPU
		AppStore|ARM = AppStore|ARM
		AppStore|iPhone = AppStore|iPhone
		AppStore|iPhoneSimulator = AppStore|iPhoneSimulator
		AppStore|x64 = AppStore|x64
		AppStore|x86 = AppStore|x86
		Debug|Any CPU = Debug|Any CPU
		Debug|ARM = Debug|ARM
		Debug|iPhone = Debug|iPhone
		Debug|iPhoneSimulator = Debug|iPhoneSimulator
		Debug|x64 = Debug|x64
		Debug|x86 = Debug|x86
		Release|Any CPU = Release|Any CPU
		Release|ARM = Release|ARM
		Release|iPhone = Release|iPhone
		Release|iPhoneSimulator = Release|iPhoneSimulator
		Release|x64 = Release|x64
		Release|x86 = Release|x86
	EndGlobalSection
	GlobalSection(ProjectConfigurationPlatforms) = postSolution
		{C3449EEA-A49D-4186-8102-5614A54C82B7}.Ad-Hoc|Any CPU.ActiveCfg = Release|Any CPU
		{C3449EEA-A49D-4186-8102-5614A54C82B7}.Ad-Hoc|Any CPU.Build.0 = Release|Any CPU
		{C3449EEA-A49D-4186-8102-5614A54C82B7}.Ad-Hoc|Any CPU.Deploy.0 = Release|Any CPU
		{C3449EEA-A49D-4186-8102-5614A54C82B7}.Ad-Hoc|ARM.ActiveCfg = Release|Any CPU
		{C3449EEA-A49D-4186-8102-5614A54C82B7}.Ad-Hoc|ARM.Build.0 = Release|Any CPU
		{C3449EEA-A49D-4186-8102-5614A54C82B7}.Ad-Hoc|ARM.Deploy.0 = Release|Any CPU
		{C3449EEA-A49D-4186-8102-5614A54C82B7}.Ad-Hoc|iPhone.ActiveCfg = Release|Any CPU
		{C3449EEA-A49D-4186-8102-5614A54C82B7}.Ad-Hoc|iPhone.Build.0 = Release|Any CPU
		{C3449EEA-A49D-4186-8102-5614A54C82B7}.Ad-Hoc|iPhone.Deploy.0 = Release|Any CPU
		{C3449EEA-A49D-4186-8102-5614A54C82B7}.Ad-Hoc|iPhoneSimulator.ActiveCfg = Release|Any CPU
		{C3449EEA-A49D-4186-8102-5614A54C82B7}.Ad-Hoc|iPhoneSimulator.Build.0 = Release|Any CPU
		{C3449EEA-A49D-4186-8102-5614A54C82B7}.Ad-Hoc|iPhoneSimulator.Deploy.0 = Release|Any CPU
		{C3449EEA-A49D-4186-8102-5614A54C82B7}.Ad-Hoc|x64.ActiveCfg = Release|Any CPU
		{C3449EEA-A49D-4186-8102-5614A54C82B7}.Ad-Hoc|x64.Build.0 = Release|Any CPU
		{C3449EEA-A49D-4186-8102-5614A54C82B7}.Ad-Hoc|x64.Deploy.0 = Release|Any CPU
		{C3449EEA-A49D-4186-8102-5614A54C82B7}.Ad-Hoc|x86.ActiveCfg = Release|Any CPU
		{C3449EEA-A49D-4186-8102-5614A54C82B7}.Ad-Hoc|x86.Build.0 = Release|Any CPU
		{C3449EEA-A49D-4186-8102-5614A54C82B7}.Ad-Hoc|x86.Deploy.0 = Release|Any CPU
		{C3449EEA-A49D-4186-8102-5614A54C82B7}.AppStore|Any CPU.ActiveCfg = Release|Any CPU
		{C3449EEA-A49D-4186-8102-5614A54C82B7}.AppStore|Any CPU.Build.0 = Release|Any CPU
		{C3449EEA-A49D-4186-8102-5614A54C82B7}.AppStore|Any CPU.Deploy.0 = Release|Any CPU
		{C3449EEA-A49D-4186-8102-5614A54C82B7}.AppStore|ARM.ActiveCfg = Release|Any CPU
		{C3449EEA-A49D-4186-8102-5614A54C82B7}.AppStore|ARM.Build.0 = Release|Any CPU
		{C3449EEA-A49D-4186-8102-5614A54C82B7}.AppStore|ARM.Deploy.0 = Release|Any CPU
		{C3449EEA-A49D-4186-8102-5614A54C82B7}.AppStore|iPhone.ActiveCfg = Release|Any CPU
		{C3449EEA-A49D-4186-8102-5614A54C82B7}.AppStore|iPhone.Build.0 = Release|Any CPU
		{C3449EEA-A49D-4186-8102-5614A54C82B7}.AppStore|iPhone.Deploy.0 = Release|Any CPU
		{C3449EEA-A49D-4186-8102-5614A54C82B7}.AppStore|iPhoneSimulator.ActiveCfg = Release|Any CPU
		{C3449EEA-A49D-4186-8102-5614A54C82B7}.AppStore|iPhoneSimulator.Build.0 = Release|Any CPU
		{C3449EEA-A49D-4186-8102-5614A54C82B7}.AppStore|iPhoneSimulator.Deploy.0 = Release|Any CPU
		{C3449EEA-A49D-4186-8102-5614A54C82B7}.AppStore|x64.ActiveCfg = Release|Any CPU
		{C3449EEA-A49D-4186-8102-5614A54C82B7}.AppStore|x64.Build.0 = Release|Any CPU
		{C3449EEA-A49D-4186-8102-5614A54C82B7}.AppStore|x64.Deploy.0 = Release|Any CPU
		{C3449EEA-A49D-4186-8102-5614A54C82B7}.AppStore|x86.ActiveCfg = Release|Any CPU
		{C3449EEA-A49D-4186-8102-5614A54C82B7}.AppStore|x86.Build.0 = Release|Any CPU
		{C3449EEA-A49D-4186-8102-5614A54C82B7}.AppStore|x86.Deploy.0 = Release|Any CPU
		{C3449EEA-A49D-4186-8102-5614A54C82B7}.Debug|Any CPU.ActiveCfg = Debug|Any CPU
		{C3449EEA-A49D-4186-8102-5614A54C82B7}.Debug|Any CPU.Build.0 = Debug|Any CPU
		{C3449EEA-A49D-4186-8102-5614A54C82B7}.Debug|Any CPU.Deploy.0 = Debug|Any CPU
		{C3449EEA-A49D-4186-8102-5614A54C82B7}.Debug|ARM.ActiveCfg = Debug|Any CPU
		{C3449EEA-A49D-4186-8102-5614A54C82B7}.Debug|ARM.Build.0 = Debug|Any CPU
		{C3449EEA-A49D-4186-8102-5614A54C82B7}.Debug|ARM.Deploy.0 = Debug|Any CPU
		{C3449EEA-A49D-4186-8102-5614A54C82B7}.Debug|iPhone.ActiveCfg = Debug|Any CPU
		{C3449EEA-A49D-4186-8102-5614A54C82B7}.Debug|iPhone.Build.0 = Debug|Any CPU
		{C3449EEA-A49D-4186-8102-5614A54C82B7}.Debug|iPhone.Deploy.0 = Debug|Any CPU
		{C3449EEA-A49D-4186-8102-5614A54C82B7}.Debug|iPhoneSimulator.ActiveCfg = Debug|Any CPU
		{C3449EEA-A49D-4186-8102-5614A54C82B7}.Debug|iPhoneSimulator.Build.0 = Debug|Any CPU
		{C3449EEA-A49D-4186-8102-5614A54C82B7}.Debug|iPhoneSimulator.Deploy.0 = Debug|Any CPU
		{C3449EEA-A49D-4186-8102-5614A54C82B7}.Debug|x64.ActiveCfg = Debug|Any CPU
		{C3449EEA-A49D-4186-8102-5614A54C82B7}.Debug|x64.Build.0 = Debug|Any CPU
		{C3449EEA-A49D-4186-8102-5614A54C82B7}.Debug|x64.Deploy.0 = Debug|Any CPU
		{C3449EEA-A49D-4186-8102-5614A54C82B7}.Debug|x86.ActiveCfg = Debug|Any CPU
		{C3449EEA-A49D-4186-8102-5614A54C82B7}.Debug|x86.Build.0 = Debug|Any CPU
		{C3449EEA-A49D-4186-8102-5614A54C82B7}.Debug|x86.Deploy.0 = Debug|Any CPU
		{C3449EEA-A49D-4186-8102-5614A54C82B7}.Release|Any CPU.ActiveCfg = Release|Any CPU
		{C3449EEA-A49D-4186-8102-5614A54C82B7}.Release|Any CPU.Build.0 = Release|Any CPU
		{C3449EEA-A49D-4186-8102-5614A54C82B7}.Release|Any CPU.Deploy.0 = Release|Any CPU
		{C3449EEA-A49D-4186-8102-5614A54C82B7}.Release|ARM.ActiveCfg = Release|Any CPU
		{C3449EEA-A49D-4186-8102-5614A54C82B7}.Release|ARM.Build.0 = Release|Any CPU
		{C3449EEA-A49D-4186-8102-5614A54C82B7}.Release|ARM.Deploy.0 = Release|Any CPU
		{C3449EEA-A49D-4186-8102-5614A54C82B7}.Release|iPhone.ActiveCfg = Release|Any CPU
		{C3449EEA-A49D-4186-8102-5614A54C82B7}.Release|iPhone.Build.0 = Release|Any CPU
		{C3449EEA-A49D-4186-8102-5614A54C82B7}.Release|iPhone.Deploy.0 = Release|Any CPU
		{C3449EEA-A49D-4186-8102-5614A54C82B7}.Release|iPhoneSimulator.ActiveCfg = Release|Any CPU
		{C3449EEA-A49D-4186-8102-5614A54C82B7}.Release|iPhoneSimulator.Build.0 = Release|Any CPU
		{C3449EEA-A49D-4186-8102-5614A54C82B7}.Release|iPhoneSimulator.Deploy.0 = Release|Any CPU
		{C3449EEA-A49D-4186-8102-5614A54C82B7}.Release|x64.ActiveCfg = Release|Any CPU
		{C3449EEA-A49D-4186-8102-5614A54C82B7}.Release|x64.Build.0 = Release|Any CPU
		{C3449EEA-A49D-4186-8102-5614A54C82B7}.Release|x64.Deploy.0 = Release|Any CPU
		{C3449EEA-A49D-4186-8102-5614A54C82B7}.Release|x86.ActiveCfg = Release|Any CPU
		{C3449EEA-A49D-4186-8102-5614A54C82B7}.Release|x86.Build.0 = Release|Any CPU
		{C3449EEA-A49D-4186-8102-5614A54C82B7}.Release|x86.Deploy.0 = Release|Any CPU
		{E6DD6DEC-7ABD-445C-9230-79BFB1907FE0}.Ad-Hoc|Any CPU.ActiveCfg = Ad-Hoc|iPhone
		{E6DD6DEC-7ABD-445C-9230-79BFB1907FE0}.Ad-Hoc|Any CPU.Build.0 = Ad-Hoc|iPhone
		{E6DD6DEC-7ABD-445C-9230-79BFB1907FE0}.Ad-Hoc|Any CPU.Deploy.0 = Ad-Hoc|iPhone
		{E6DD6DEC-7ABD-445C-9230-79BFB1907FE0}.Ad-Hoc|ARM.ActiveCfg = Ad-Hoc|iPhone
		{E6DD6DEC-7ABD-445C-9230-79BFB1907FE0}.Ad-Hoc|ARM.Build.0 = Ad-Hoc|iPhone
		{E6DD6DEC-7ABD-445C-9230-79BFB1907FE0}.Ad-Hoc|ARM.Deploy.0 = Ad-Hoc|iPhone
		{E6DD6DEC-7ABD-445C-9230-79BFB1907FE0}.Ad-Hoc|iPhone.ActiveCfg = Ad-Hoc|iPhone
		{E6DD6DEC-7ABD-445C-9230-79BFB1907FE0}.Ad-Hoc|iPhone.Build.0 = Ad-Hoc|iPhone
		{E6DD6DEC-7ABD-445C-9230-79BFB1907FE0}.Ad-Hoc|iPhone.Deploy.0 = Ad-Hoc|iPhone
		{E6DD6DEC-7ABD-445C-9230-79BFB1907FE0}.Ad-Hoc|iPhoneSimulator.ActiveCfg = Ad-Hoc|iPhoneSimulator
		{E6DD6DEC-7ABD-445C-9230-79BFB1907FE0}.Ad-Hoc|iPhoneSimulator.Build.0 = Ad-Hoc|iPhoneSimulator
		{E6DD6DEC-7ABD-445C-9230-79BFB1907FE0}.Ad-Hoc|iPhoneSimulator.Deploy.0 = Ad-Hoc|iPhoneSimulator
		{E6DD6DEC-7ABD-445C-9230-79BFB1907FE0}.Ad-Hoc|x64.ActiveCfg = Ad-Hoc|iPhone
		{E6DD6DEC-7ABD-445C-9230-79BFB1907FE0}.Ad-Hoc|x64.Build.0 = Ad-Hoc|iPhone
		{E6DD6DEC-7ABD-445C-9230-79BFB1907FE0}.Ad-Hoc|x64.Deploy.0 = Ad-Hoc|iPhone
		{E6DD6DEC-7ABD-445C-9230-79BFB1907FE0}.Ad-Hoc|x86.ActiveCfg = Ad-Hoc|iPhone
		{E6DD6DEC-7ABD-445C-9230-79BFB1907FE0}.Ad-Hoc|x86.Build.0 = Ad-Hoc|iPhone
		{E6DD6DEC-7ABD-445C-9230-79BFB1907FE0}.Ad-Hoc|x86.Deploy.0 = Ad-Hoc|iPhone
		{E6DD6DEC-7ABD-445C-9230-79BFB1907FE0}.AppStore|Any CPU.ActiveCfg = AppStore|iPhone
		{E6DD6DEC-7ABD-445C-9230-79BFB1907FE0}.AppStore|Any CPU.Build.0 = AppStore|iPhone
		{E6DD6DEC-7ABD-445C-9230-79BFB1907FE0}.AppStore|Any CPU.Deploy.0 = AppStore|iPhone
		{E6DD6DEC-7ABD-445C-9230-79BFB1907FE0}.AppStore|ARM.ActiveCfg = AppStore|iPhone
		{E6DD6DEC-7ABD-445C-9230-79BFB1907FE0}.AppStore|ARM.Build.0 = AppStore|iPhone
		{E6DD6DEC-7ABD-445C-9230-79BFB1907FE0}.AppStore|ARM.Deploy.0 = AppStore|iPhone
		{E6DD6DEC-7ABD-445C-9230-79BFB1907FE0}.AppStore|iPhone.ActiveCfg = AppStore|iPhone
		{E6DD6DEC-7ABD-445C-9230-79BFB1907FE0}.AppStore|iPhone.Build.0 = AppStore|iPhone
		{E6DD6DEC-7ABD-445C-9230-79BFB1907FE0}.AppStore|iPhone.Deploy.0 = AppStore|iPhone
		{E6DD6DEC-7ABD-445C-9230-79BFB1907FE0}.AppStore|iPhoneSimulator.ActiveCfg = AppStore|iPhoneSimulator
		{E6DD6DEC-7ABD-445C-9230-79BFB1907FE0}.AppStore|iPhoneSimulator.Build.0 = AppStore|iPhoneSimulator
		{E6DD6DEC-7ABD-445C-9230-79BFB1907FE0}.AppStore|iPhoneSimulator.Deploy.0 = AppStore|iPhoneSimulator
		{E6DD6DEC-7ABD-445C-9230-79BFB1907FE0}.AppStore|x64.ActiveCfg = AppStore|iPhone
		{E6DD6DEC-7ABD-445C-9230-79BFB1907FE0}.AppStore|x64.Build.0 = AppStore|iPhone
		{E6DD6DEC-7ABD-445C-9230-79BFB1907FE0}.AppStore|x64.Deploy.0 = AppStore|iPhone
		{E6DD6DEC-7ABD-445C-9230-79BFB1907FE0}.AppStore|x86.ActiveCfg = AppStore|iPhone
		{E6DD6DEC-7ABD-445C-9230-79BFB1907FE0}.AppStore|x86.Build.0 = AppStore|iPhone
		{E6DD6DEC-7ABD-445C-9230-79BFB1907FE0}.AppStore|x86.Deploy.0 = AppStore|iPhone
		{E6DD6DEC-7ABD-445C-9230-79BFB1907FE0}.Debug|Any CPU.ActiveCfg = Debug|iPhoneSimulator
		{E6DD6DEC-7ABD-445C-9230-79BFB1907FE0}.Debug|Any CPU.Build.0 = Debug|iPhoneSimulator
		{E6DD6DEC-7ABD-445C-9230-79BFB1907FE0}.Debug|Any CPU.Deploy.0 = Debug|iPhoneSimulator
		{E6DD6DEC-7ABD-445C-9230-79BFB1907FE0}.Debug|ARM.ActiveCfg = Debug|iPhone
		{E6DD6DEC-7ABD-445C-9230-79BFB1907FE0}.Debug|ARM.Build.0 = Debug|iPhone
		{E6DD6DEC-7ABD-445C-9230-79BFB1907FE0}.Debug|ARM.Deploy.0 = Debug|iPhone
		{E6DD6DEC-7ABD-445C-9230-79BFB1907FE0}.Debug|iPhone.ActiveCfg = Debug|iPhone
		{E6DD6DEC-7ABD-445C-9230-79BFB1907FE0}.Debug|iPhone.Build.0 = Debug|iPhone
		{E6DD6DEC-7ABD-445C-9230-79BFB1907FE0}.Debug|iPhone.Deploy.0 = Debug|iPhone
		{E6DD6DEC-7ABD-445C-9230-79BFB1907FE0}.Debug|iPhoneSimulator.ActiveCfg = Debug|iPhoneSimulator
		{E6DD6DEC-7ABD-445C-9230-79BFB1907FE0}.Debug|iPhoneSimulator.Build.0 = Debug|iPhoneSimulator
		{E6DD6DEC-7ABD-445C-9230-79BFB1907FE0}.Debug|iPhoneSimulator.Deploy.0 = Debug|iPhoneSimulator
		{E6DD6DEC-7ABD-445C-9230-79BFB1907FE0}.Debug|x64.ActiveCfg = Debug|iPhone
		{E6DD6DEC-7ABD-445C-9230-79BFB1907FE0}.Debug|x64.Build.0 = Debug|iPhone
		{E6DD6DEC-7ABD-445C-9230-79BFB1907FE0}.Debug|x64.Deploy.0 = Debug|iPhone
		{E6DD6DEC-7ABD-445C-9230-79BFB1907FE0}.Debug|x86.ActiveCfg = Debug|iPhone
		{E6DD6DEC-7ABD-445C-9230-79BFB1907FE0}.Debug|x86.Build.0 = Debug|iPhone
		{E6DD6DEC-7ABD-445C-9230-79BFB1907FE0}.Debug|x86.Deploy.0 = Debug|iPhone
		{E6DD6DEC-7ABD-445C-9230-79BFB1907FE0}.Release|Any CPU.ActiveCfg = Release|iPhone
		{E6DD6DEC-7ABD-445C-9230-79BFB1907FE0}.Release|Any CPU.Build.0 = Release|iPhone
		{E6DD6DEC-7ABD-445C-9230-79BFB1907FE0}.Release|Any CPU.Deploy.0 = Release|iPhone
		{E6DD6DEC-7ABD-445C-9230-79BFB1907FE0}.Release|ARM.ActiveCfg = Release|iPhone
		{E6DD6DEC-7ABD-445C-9230-79BFB1907FE0}.Release|ARM.Build.0 = Release|iPhone
		{E6DD6DEC-7ABD-445C-9230-79BFB1907FE0}.Release|ARM.Deploy.0 = Release|iPhone
		{E6DD6DEC-7ABD-445C-9230-79BFB1907FE0}.Release|iPhone.ActiveCfg = Release|iPhone
		{E6DD6DEC-7ABD-445C-9230-79BFB1907FE0}.Release|iPhone.Build.0 = Release|iPhone
		{E6DD6DEC-7ABD-445C-9230-79BFB1907FE0}.Release|iPhone.Deploy.0 = Release|iPhone
		{E6DD6DEC-7ABD-445C-9230-79BFB1907FE0}.Release|iPhoneSimulator.ActiveCfg = Release|iPhoneSimulator
		{E6DD6DEC-7ABD-445C-9230-79BFB1907FE0}.Release|iPhoneSimulator.Build.0 = Release|iPhoneSimulator
		{E6DD6DEC-7ABD-445C-9230-79BFB1907FE0}.Release|iPhoneSimulator.Deploy.0 = Release|iPhoneSimulator
		{E6DD6DEC-7ABD-445C-9230-79BFB1907FE0}.Release|x64.ActiveCfg = Release|iPhone
		{E6DD6DEC-7ABD-445C-9230-79BFB1907FE0}.Release|x64.Build.0 = Release|iPhone
		{E6DD6DEC-7ABD-445C-9230-79BFB1907FE0}.Release|x64.Deploy.0 = Release|iPhone
		{E6DD6DEC-7ABD-445C-9230-79BFB1907FE0}.Release|x86.ActiveCfg = Release|iPhone
		{E6DD6DEC-7ABD-445C-9230-79BFB1907FE0}.Release|x86.Build.0 = Release|iPhone
		{E6DD6DEC-7ABD-445C-9230-79BFB1907FE0}.Release|x86.Deploy.0 = Release|iPhone
		{F64CCC5A-00FF-40D4-AAA9-4D13DDBC4806}.Ad-Hoc|Any CPU.ActiveCfg = Release|x86
		{F64CCC5A-00FF-40D4-AAA9-4D13DDBC4806}.Ad-Hoc|Any CPU.Build.0 = Release|x86
		{F64CCC5A-00FF-40D4-AAA9-4D13DDBC4806}.Ad-Hoc|Any CPU.Deploy.0 = Release|x86
		{F64CCC5A-00FF-40D4-AAA9-4D13DDBC4806}.Ad-Hoc|ARM.ActiveCfg = Release|ARM
		{F64CCC5A-00FF-40D4-AAA9-4D13DDBC4806}.Ad-Hoc|ARM.Build.0 = Release|ARM
		{F64CCC5A-00FF-40D4-AAA9-4D13DDBC4806}.Ad-Hoc|ARM.Deploy.0 = Release|ARM
		{F64CCC5A-00FF-40D4-AAA9-4D13DDBC4806}.Ad-Hoc|iPhone.ActiveCfg = Release|x86
		{F64CCC5A-00FF-40D4-AAA9-4D13DDBC4806}.Ad-Hoc|iPhone.Build.0 = Release|x86
		{F64CCC5A-00FF-40D4-AAA9-4D13DDBC4806}.Ad-Hoc|iPhone.Deploy.0 = Release|x86
		{F64CCC5A-00FF-40D4-AAA9-4D13DDBC4806}.Ad-Hoc|iPhoneSimulator.ActiveCfg = Release|x86
		{F64CCC5A-00FF-40D4-AAA9-4D13DDBC4806}.Ad-Hoc|iPhoneSimulator.Build.0 = Release|x86
		{F64CCC5A-00FF-40D4-AAA9-4D13DDBC4806}.Ad-Hoc|iPhoneSimulator.Deploy.0 = Release|x86
		{F64CCC5A-00FF-40D4-AAA9-4D13DDBC4806}.Ad-Hoc|x64.ActiveCfg = Release|x64
		{F64CCC5A-00FF-40D4-AAA9-4D13DDBC4806}.Ad-Hoc|x64.Build.0 = Release|x64
		{F64CCC5A-00FF-40D4-AAA9-4D13DDBC4806}.Ad-Hoc|x64.Deploy.0 = Release|x64
		{F64CCC5A-00FF-40D4-AAA9-4D13DDBC4806}.Ad-Hoc|x86.ActiveCfg = Release|x86
		{F64CCC5A-00FF-40D4-AAA9-4D13DDBC4806}.Ad-Hoc|x86.Build.0 = Release|x86
		{F64CCC5A-00FF-40D4-AAA9-4D13DDBC4806}.Ad-Hoc|x86.Deploy.0 = Release|x86
		{F64CCC5A-00FF-40D4-AAA9-4D13DDBC4806}.AppStore|Any CPU.ActiveCfg = Release|x86
		{F64CCC5A-00FF-40D4-AAA9-4D13DDBC4806}.AppStore|Any CPU.Build.0 = Release|x86
		{F64CCC5A-00FF-40D4-AAA9-4D13DDBC4806}.AppStore|Any CPU.Deploy.0 = Release|x86
		{F64CCC5A-00FF-40D4-AAA9-4D13DDBC4806}.AppStore|ARM.ActiveCfg = Release|ARM
		{F64CCC5A-00FF-40D4-AAA9-4D13DDBC4806}.AppStore|ARM.Build.0 = Release|ARM
		{F64CCC5A-00FF-40D4-AAA9-4D13DDBC4806}.AppStore|ARM.Deploy.0 = Release|ARM
		{F64CCC5A-00FF-40D4-AAA9-4D13DDBC4806}.AppStore|iPhone.ActiveCfg = Release|x86
		{F64CCC5A-00FF-40D4-AAA9-4D13DDBC4806}.AppStore|iPhone.Build.0 = Release|x86
		{F64CCC5A-00FF-40D4-AAA9-4D13DDBC4806}.AppStore|iPhone.Deploy.0 = Release|x86
		{F64CCC5A-00FF-40D4-AAA9-4D13DDBC4806}.AppStore|iPhoneSimulator.ActiveCfg = Release|x86
		{F64CCC5A-00FF-40D4-AAA9-4D13DDBC4806}.AppStore|iPhoneSimulator.Build.0 = Release|x86
		{F64CCC5A-00FF-40D4-AAA9-4D13DDBC4806}.AppStore|iPhoneSimulator.Deploy.0 = Release|x86
		{F64CCC5A-00FF-40D4-AAA9-4D13DDBC4806}.AppStore|x64.ActiveCfg = Release|x64
		{F64CCC5A-00FF-40D4-AAA9-4D13DDBC4806}.AppStore|x64.Build.0 = Release|x64
		{F64CCC5A-00FF-40D4-AAA9-4D13DDBC4806}.AppStore|x64.Deploy.0 = Release|x64
		{F64CCC5A-00FF-40D4-AAA9-4D13DDBC4806}.AppStore|x86.ActiveCfg = Release|x86
		{F64CCC5A-00FF-40D4-AAA9-4D13DDBC4806}.AppStore|x86.Build.0 = Release|x86
		{F64CCC5A-00FF-40D4-AAA9-4D13DDBC4806}.AppStore|x86.Deploy.0 = Release|x86
		{F64CCC5A-00FF-40D4-AAA9-4D13DDBC4806}.Debug|Any CPU.ActiveCfg = Debug|x86
		{F64CCC5A-00FF-40D4-AAA9-4D13DDBC4806}.Debug|Any CPU.Build.0 = Debug|x86
		{F64CCC5A-00FF-40D4-AAA9-4D13DDBC4806}.Debug|Any CPU.Deploy.0 = Debug|x86
		{F64CCC5A-00FF-40D4-AAA9-4D13DDBC4806}.Debug|ARM.ActiveCfg = Debug|ARM
		{F64CCC5A-00FF-40D4-AAA9-4D13DDBC4806}.Debug|ARM.Build.0 = Debug|ARM
		{F64CCC5A-00FF-40D4-AAA9-4D13DDBC4806}.Debug|ARM.Deploy.0 = Debug|ARM
		{F64CCC5A-00FF-40D4-AAA9-4D13DDBC4806}.Debug|iPhone.ActiveCfg = Debug|x86
		{F64CCC5A-00FF-40D4-AAA9-4D13DDBC4806}.Debug|iPhone.Build.0 = Debug|x86
		{F64CCC5A-00FF-40D4-AAA9-4D13DDBC4806}.Debug|iPhone.Deploy.0 = Debug|x86
		{F64CCC5A-00FF-40D4-AAA9-4D13DDBC4806}.Debug|iPhoneSimulator.ActiveCfg = Debug|x86
		{F64CCC5A-00FF-40D4-AAA9-4D13DDBC4806}.Debug|iPhoneSimulator.Build.0 = Debug|x86
		{F64CCC5A-00FF-40D4-AAA9-4D13DDBC4806}.Debug|iPhoneSimulator.Deploy.0 = Debug|x86
		{F64CCC5A-00FF-40D4-AAA9-4D13DDBC4806}.Debug|x64.ActiveCfg = Debug|x64
		{F64CCC5A-00FF-40D4-AAA9-4D13DDBC4806}.Debug|x64.Build.0 = Debug|x64
		{F64CCC5A-00FF-40D4-AAA9-4D13DDBC4806}.Debug|x64.Deploy.0 = Debug|x64
		{F64CCC5A-00FF-40D4-AAA9-4D13DDBC4806}.Debug|x86.ActiveCfg = Debug|x86
		{F64CCC5A-00FF-40D4-AAA9-4D13DDBC4806}.Debug|x86.Build.0 = Debug|x86
		{F64CCC5A-00FF-40D4-AAA9-4D13DDBC4806}.Debug|x86.Deploy.0 = Debug|x86
		{F64CCC5A-00FF-40D4-AAA9-4D13DDBC4806}.Release|Any CPU.ActiveCfg = Release|x86
		{F64CCC5A-00FF-40D4-AAA9-4D13DDBC4806}.Release|Any CPU.Build.0 = Release|x86
		{F64CCC5A-00FF-40D4-AAA9-4D13DDBC4806}.Release|Any CPU.Deploy.0 = Release|x86
		{F64CCC5A-00FF-40D4-AAA9-4D13DDBC4806}.Release|ARM.ActiveCfg = Release|ARM
		{F64CCC5A-00FF-40D4-AAA9-4D13DDBC4806}.Release|ARM.Build.0 = Release|ARM
		{F64CCC5A-00FF-40D4-AAA9-4D13DDBC4806}.Release|ARM.Deploy.0 = Release|ARM
		{F64CCC5A-00FF-40D4-AAA9-4D13DDBC4806}.Release|iPhone.ActiveCfg = Release|x86
		{F64CCC5A-00FF-40D4-AAA9-4D13DDBC4806}.Release|iPhone.Build.0 = Release|x86
		{F64CCC5A-00FF-40D4-AAA9-4D13DDBC4806}.Release|iPhone.Deploy.0 = Release|x86
		{F64CCC5A-00FF-40D4-AAA9-4D13DDBC4806}.Release|iPhoneSimulator.ActiveCfg = Release|x86
		{F64CCC5A-00FF-40D4-AAA9-4D13DDBC4806}.Release|iPhoneSimulator.Build.0 = Release|x86
		{F64CCC5A-00FF-40D4-AAA9-4D13DDBC4806}.Release|iPhoneSimulator.Deploy.0 = Release|x86
		{F64CCC5A-00FF-40D4-AAA9-4D13DDBC4806}.Release|x64.ActiveCfg = Release|x64
		{F64CCC5A-00FF-40D4-AAA9-4D13DDBC4806}.Release|x64.Build.0 = Release|x64
		{F64CCC5A-00FF-40D4-AAA9-4D13DDBC4806}.Release|x64.Deploy.0 = Release|x64
		{F64CCC5A-00FF-40D4-AAA9-4D13DDBC4806}.Release|x86.ActiveCfg = Release|x86
		{F64CCC5A-00FF-40D4-AAA9-4D13DDBC4806}.Release|x86.Build.0 = Release|x86
		{F64CCC5A-00FF-40D4-AAA9-4D13DDBC4806}.Release|x86.Deploy.0 = Release|x86
	EndGlobalSection
	GlobalSection(SolutionProperties) = preSolution
		HideSolutionNode = FALSE
	EndGlobalSection
	GlobalSection(ExtensibilityGlobals) = postSolution
		SolutionGuid = {B51C161E-864B-46D4-A24D-2FAF0DFFF2FE}
	EndGlobalSection
EndGlobal
