
Microsoft Visual Studio Solution File, Format Version 12.00
# Visual Studio 15
VisualStudioVersion = 15.0.28010.2003
MinimumVisualStudioVersion = 10.0.40219.1
Project("{FAE04EC0-301F-11D3-BF4B-00C04F79EFBC}") = "ProjetFreeGoWindows", "ProjetFreeGoWindows\ProjetFreeGoWindows.csproj", "{C7CE3EAA-3624-4EF9-88AB-BDB67DB07E8B}"
EndProject
Global
	GlobalSection(SolutionConfigurationPlatforms) = preSolution
		Debug|Any CPU = Debug|Any CPU
		Release|Any CPU = Release|Any CPU
	EndGlobalSection
	GlobalSection(ProjectConfigurationPlatforms) = postSolution
		{C7CE3EAA-3624-4EF9-88AB-BDB67DB07E8B}.Debug|Any CPU.ActiveCfg = Debug|Any CPU
		{C7CE3EAA-3624-4EF9-88AB-BDB67DB07E8B}.Debug|Any CPU.Build.0 = Debug|Any CPU
		{C7CE3EAA-3624-4EF9-88AB-BDB67DB07E8B}.Release|Any CPU.ActiveCfg = Release|Any CPU
		{C7CE3EAA-3624-4EF9-88AB-BDB67DB07E8B}.Release|Any CPU.Build.0 = Release|Any CPU
	EndGlobalSection
	GlobalSection(SolutionProperties) = preSolution
		HideSolutionNode = FALSE
	EndGlobalSection
	GlobalSection(ExtensibilityGlobals) = postSolution
		SolutionGuid = {3B6620D8-D1D8-4F7A-8E6F-1B1BC80C9066}
	EndGlobalSection
EndGlobal
